{
    "_readme": [
        "This file locks the dependencies of your project to a known state",
        "Read more about it at https://getcomposer.org/doc/01-basic-usage.md#composer-lock-the-lock-file",
        "This file is @generated automatically"
    ],
    "hash": "2bb108a1cfea04e6a7c28ed41e3b596f",
    "content-hash": "4c157512afd1add46a31a68e7f41f617",
    "packages": [
        {
            "name": "noahbuscher/macaw",
            "version": "dev-master",
            "source": {
                "type": "git",
                "url": "https://github.com/noahbuscher/Macaw.git",
                "reference": "c58100a43223a808135bab57130da911611d0d2a"
            },
            "dist": {
                "type": "zip",
                "url": "https://packagist.phpcomposer.com/files/noahbuscher/Macaw/c58100a43223a808135bab57130da911611d0d2a.zip",
                "reference": "c58100a43223a808135bab57130da911611d0d2a",
                "shasum": ""
            },
            "require": {
                "php": ">=5.3.3"
            },
            "type": "library",
            "autoload": {
                "psr-4": {
                    "NoahBuscher\\Macaw\\": ""
                }
            },
            "notification-url": "https://packagist.org/downloads/",
            "license": [
                "MIT"
            ],
            "description": "Simple PHP router class.",
            "time": "2016-05-10 20:06:30"
        }
    ],
    "packages-dev": [],
    "aliases": [],
    "minimum-stability": "stable",
    "stability-flags": {
        "noahbuscher/macaw": 20
    },
    "prefer-stable": false,
    "prefer-lowest": false,
    "platform": [],
    "platform-dev": []
}
